lockfileVersion: '9.0'

settings:
  autoInstallPeers: true
  excludeLinksFromLockfile: false

importers:

  .:
    dependencies:
      playwright:
        specifier: ^1.50.1
        version: 1.50.1
      typescript:
        specifier: ^5.7.3
        version: 5.7.3
    devDependencies:
      '@types/bun':
        specifier: latest
        version: 1.2.2

packages:

  '@types/bun@1.2.2':
    resolution: {integrity: sha512-tr74gdku+AEDN5ergNiBnplr7hpDp3V1h7fqI2GcR/rsUaM39jpSeKH0TFibRvU0KwniRx5POgaYnaXbk0hU+w==}

  '@types/node@22.13.1':
    resolution: {integrity: sha512-jK8uzQlrvXqEU91UxiK5J7pKHyzgnI1Qnl0QDHIgVGuolJhRb9EEl28Cj9b3rGR8B2lhFCtvIm5os8lFnO/1Ew==}

  '@types/ws@8.5.14':
    resolution: {integrity: sha512-bd/YFLW+URhBzMXurx7lWByOu+xzU9+kb3RboOteXYDfW+tr+JZa99OyNmPINEGB/ahzKrEuc8rcv4gnpJmxTw==}

  bun-types@1.2.2:
    resolution: {integrity: sha512-RCbMH5elr9gjgDGDhkTTugA21XtJAy/9jkKe/G3WR2q17VPGhcquf9Sir6uay9iW+7P/BV0CAHA1XlHXMAVKHg==}

  fsevents@2.3.2:
    resolution: {integrity: sha512-xiqMQR4xAeHTuB9uWm+fFRcIOgKBMiOBP+eXiyT7jsgVCq1bkVygt00oASowB7EdtpOHaaPgKt812P9ab+DDKA==}
    engines: {node: ^8.16.0 || ^10.6.0 || >=11.0.0}
    os: [darwin]

  playwright-core@1.50.1:
    resolution: {integrity: sha512-ra9fsNWayuYumt+NiM069M6OkcRb1FZSK8bgi66AtpFoWkg2+y0bJSNmkFrWhMbEBbVKC/EruAHH3g0zmtwGmQ==}
    engines: {node: '>=18'}
    hasBin: true

  playwright@1.50.1:
    resolution: {integrity: sha512-G8rwsOQJ63XG6BbKj2w5rHeavFjy5zynBA9zsJMMtBoe/Uf757oG12NXz6e6OirF7RCrTVAKFXbLmn1RbL7Qaw==}
    engines: {node: '>=18'}
    hasBin: true

  typescript@5.7.3:
    resolution: {integrity: sha512-84MVSjMEHP+FQRPy3pX9sTVV/INIex71s9TL2Gm5FG/WG1SqXeKyZ0k7/blY/4FdOzI12CBy1vGc4og/eus0fw==}
    engines: {node: '>=14.17'}
    hasBin: true

  undici-types@6.20.0:
    resolution: {integrity: sha512-Ny6QZ2Nju20vw1SRHe3d9jVu6gJ+4e3+MMpqu7pqE5HT6WsTSlce++GQmK5UXS8mzV8DSYHrQH+Xrf2jVcuKNg==}

snapshots:

  '@types/bun@1.2.2':
    dependencies:
      bun-types: 1.2.2

  '@types/node@22.13.1':
    dependencies:
      undici-types: 6.20.0

  '@types/ws@8.5.14':
    dependencies:
      '@types/node': 22.13.1

  bun-types@1.2.2:
    dependencies:
      '@types/node': 22.13.1
      '@types/ws': 8.5.14

  fsevents@2.3.2:
    optional: true

  playwright-core@1.50.1: {}

  playwright@1.50.1:
    dependencies:
      playwright-core: 1.50.1
    optionalDependencies:
      fsevents: 2.3.2

  typescript@5.7.3: {}

  undici-types@6.20.0: {}
